
Microsoft Visual Studio Solution File, Format Version 12.00
# Visual Studio 15
VisualStudioVersion = 15.0.28010.2019
MinimumVisualStudioVersion = 10.0.40219.1
Project("{FAE04EC0-301F-11D3-BF4B-00C04F79EFBC}") = "OA.WebApp", "OA.WebApp\OA.WebApp.csproj", "{9B442840-2CBD-4FC6-977C-176E2148F4C8}"
EndProject
Project("{FAE04EC0-301F-11D3-BF4B-00C04F79EFBC}") = "OA.BLL", "OA.BLL\OA.BLL.csproj", "{7BA125C9-42E3-4B11-8DB8-E87921648D3A}"
EndProject
Project("{FAE04EC0-301F-11D3-BF4B-00C04F79EFBC}") = "OA.DAL", "OA.DAL\OA.DAL.csproj", "{719988CD-EB05-43EB-BBDB-A93E936DF2D6}"
EndProject
Project("{FAE04EC0-301F-11D3-BF4B-00C04F79EFBC}") = "OA.Common", "OA.Common\OA.Common.csproj", "{C5588431-E507-4EF8-BE37-11EBD66234E7}"
EndProject
Project("{FAE04EC0-301F-11D3-BF4B-00C04F79EFBC}") = "OA.DALFactory", "OA.DALFactory\OA.DALFactory.csproj", "{722BFF1F-A5A0-47C5-8FEE-989F91C66262}"
EndProject
Project("{FAE04EC0-301F-11D3-BF4B-00C04F79EFBC}") = "OA.IBLL", "OA.IBLL\OA.IBLL.csproj", "{26982ECC-13EA-40B9-B4C2-102C2A723496}"
EndProject
Project("{FAE04EC0-301F-11D3-BF4B-00C04F79EFBC}") = "OA.IDAL", "OA.IDAL\OA.IDAL.csproj", "{F22F1846-A4C2-4DF2-8264-8CE46863C64B}"
EndProject
Project("{FAE04EC0-301F-11D3-BF4B-00C04F79EFBC}") = "OA.Model", "OA.Model\OA.Model.csproj", "{B81922B1-6715-457F-9D53-2F03BBB22062}"
EndProject
Global
	GlobalSection(SolutionConfigurationPlatforms) = preSolution
		Debug|Any CPU = Debug|Any CPU
		Release|Any CPU = Release|Any CPU
	EndGlobalSection
	GlobalSection(ProjectConfigurationPlatforms) = postSolution
		{9B442840-2CBD-4FC6-977C-176E2148F4C8}.Debug|Any CPU.ActiveCfg = Debug|Any CPU
		{9B442840-2CBD-4FC6-977C-176E2148F4C8}.Debug|Any CPU.Build.0 = Debug|Any CPU
		{9B442840-2CBD-4FC6-977C-176E2148F4C8}.Release|Any CPU.ActiveCfg = Release|Any CPU
		{9B442840-2CBD-4FC6-977C-176E2148F4C8}.Release|Any CPU.Build.0 = Release|Any CPU
		{7BA125C9-42E3-4B11-8DB8-E87921648D3A}.Debug|Any CPU.ActiveCfg = Debug|Any CPU
		{7BA125C9-42E3-4B11-8DB8-E87921648D3A}.Debug|Any CPU.Build.0 = Debug|Any CPU
		{7BA125C9-42E3-4B11-8DB8-E87921648D3A}.Release|Any CPU.ActiveCfg = Release|Any CPU
		{7BA125C9-42E3-4B11-8DB8-E87921648D3A}.Release|Any CPU.Build.0 = Release|Any CPU
		{719988CD-EB05-43EB-BBDB-A93E936DF2D6}.Debug|Any CPU.ActiveCfg = Debug|Any CPU
		{719988CD-EB05-43EB-BBDB-A93E936DF2D6}.Debug|Any CPU.Build.0 = Debug|Any CPU
		{719988CD-EB05-43EB-BBDB-A93E936DF2D6}.Release|Any CPU.ActiveCfg = Release|Any CPU
		{719988CD-EB05-43EB-BBDB-A93E936DF2D6}.Release|Any CPU.Build.0 = Release|Any CPU
		{C5588431-E507-4EF8-BE37-11EBD66234E7}.Debug|Any CPU.ActiveCfg = Debug|Any CPU
		{C5588431-E507-4EF8-BE37-11EBD66234E7}.Debug|Any CPU.Build.0 = Debug|Any CPU
		{C5588431-E507-4EF8-BE37-11EBD66234E7}.Release|Any CPU.ActiveCfg = Release|Any CPU
		{C5588431-E507-4EF8-BE37-11EBD66234E7}.Release|Any CPU.Build.0 = Release|Any CPU
		{722BFF1F-A5A0-47C5-8FEE-989F91C66262}.Debug|Any CPU.ActiveCfg = Debug|Any CPU
		{722BFF1F-A5A0-47C5-8FEE-989F91C66262}.Debug|Any CPU.Build.0 = Debug|Any CPU
		{722BFF1F-A5A0-47C5-8FEE-989F91C66262}.Release|Any CPU.ActiveCfg = Release|Any CPU
		{722BFF1F-A5A0-47C5-8FEE-989F91C66262}.Release|Any CPU.Build.0 = Release|Any CPU
		{26982ECC-13EA-40B9-B4C2-102C2A723496}.Debug|Any CPU.ActiveCfg = Debug|Any CPU
		{26982ECC-13EA-40B9-B4C2-102C2A723496}.Debug|Any CPU.Build.0 = Debug|Any CPU
		{26982ECC-13EA-40B9-B4C2-102C2A723496}.Release|Any CPU.ActiveCfg = Release|Any CPU
		{26982ECC-13EA-40B9-B4C2-102C2A723496}.Release|Any CPU.Build.0 = Release|Any CPU
		{F22F1846-A4C2-4DF2-8264-8CE46863C64B}.Debug|Any CPU.ActiveCfg = Debug|Any CPU
		{F22F1846-A4C2-4DF2-8264-8CE46863C64B}.Debug|Any CPU.Build.0 = Debug|Any CPU
		{F22F1846-A4C2-4DF2-8264-8CE46863C64B}.Release|Any CPU.ActiveCfg = Release|Any CPU
		{F22F1846-A4C2-4DF2-8264-8CE46863C64B}.Release|Any CPU.Build.0 = Release|Any CPU
		{B81922B1-6715-457F-9D53-2F03BBB22062}.Debug|Any CPU.ActiveCfg = Debug|Any CPU
		{B81922B1-6715-457F-9D53-2F03BBB22062}.Debug|Any CPU.Build.0 = Debug|Any CPU
		{B81922B1-6715-457F-9D53-2F03BBB22062}.Release|Any CPU.ActiveCfg = Release|Any CPU
		{B81922B1-6715-457F-9D53-2F03BBB22062}.Release|Any CPU.Build.0 = Release|Any CPU
	EndGlobalSection
	GlobalSection(SolutionProperties) = preSolution
		HideSolutionNode = FALSE
	EndGlobalSection
	GlobalSection(ExtensibilityGlobals) = postSolution
		SolutionGuid = {2647EDBC-E90F-436E-AC61-B23C6705FB85}
	EndGlobalSection
EndGlobal
